{
    "name": "@typescriptlibs/tst",
    "version": "0.0.3",
    "lockfileVersion": 2,
    "requires": true,
    "dev": true,
    "packages": {
        "": {
            "name": "@typescriptlibs/tst",
            "version": "0.0.3",
            "license": "MIT",
            "bin": {
                "tst": "bin/tst.mjs"
            },
            "devDependencies": {
                "@types/node": "^10.17.60",
                "@types/yargs": "^17.0.14",
                "@typescriptlibs/tst": "file:./",
                "typescript": "^4.9.3"
            },
            "engines": {
                "node": ">=10.17.0"
            },
            "peerDependencies": {
                "@types/node": ">=10.17.0",
                "typescript": ">=1.6.0"
            }
        },
        "node_modules/@types/node": {
            "version": "10.17.60",
            "resolved": "https://registry.npmjs.org/@types/node/-/node-10.17.60.tgz",
            "integrity": "sha512-F0KIgDJfy2nA3zMLmWGKxcH2ZVEtCZXHHdOQs2gSaQ27+lNeEfGxzkIw90aXswATX7AZ33tahPbzy6KAfUreVw==",
            "dev": true
        },
        "node_modules/@types/yargs": {
            "version": "17.0.14",
            "resolved": "https://registry.npmjs.org/@types/yargs/-/yargs-17.0.14.tgz",
            "integrity": "sha512-9Pj7abXoW1RSTcZaL2Hk6G2XyLMlp5ECdVC/Zf2p/KBjC3srijLGgRAXOBjtFrJoIrvxdTKyKDA14bEcbxBaWw==",
            "dev": true,
            "dependencies": {
                "@types/yargs-parser": "*"
            }
        },
        "node_modules/@types/yargs-parser": {
            "version": "21.0.0",
            "resolved": "https://registry.npmjs.org/@types/yargs-parser/-/yargs-parser-21.0.0.tgz",
            "integrity": "sha512-iO9ZQHkZxHn4mSakYV0vFHAVDyEOIJQrV2uZ06HxEPcx+mt8swXoZHIbaaJ2crJYFfErySgktuTZ3BeLz+XmFA==",
            "dev": true
        },
        "node_modules/@typescriptlibs/tst": {
            "resolved": "",
            "link": true
        },
        "node_modules/typescript": {
            "version": "4.9.3",
            "resolved": "https://registry.npmjs.org/typescript/-/typescript-4.9.3.tgz",
            "integrity": "sha512-CIfGzTelbKNEnLpLdGFgdyKhG23CKdKgQPOBc+OUNrkJ2vr+KSzsSV5kq5iWhEQbok+quxgGzrAtGWCyU7tHnA==",
            "dev": true,
            "bin": {
                "tsc": "bin/tsc",
                "tsserver": "bin/tsserver"
            },
            "engines": {
                "node": ">=4.2.0"
            }
        }
    },
    "dependencies": {
        "@types/node": {
            "version": "10.17.60",
            "resolved": "https://registry.npmjs.org/@types/node/-/node-10.17.60.tgz",
            "integrity": "sha512-F0KIgDJfy2nA3zMLmWGKxcH2ZVEtCZXHHdOQs2gSaQ27+lNeEfGxzkIw90aXswATX7AZ33tahPbzy6KAfUreVw==",
            "dev": true
        },
        "@types/yargs": {
            "version": "17.0.14",
            "resolved": "https://registry.npmjs.org/@types/yargs/-/yargs-17.0.14.tgz",
            "integrity": "sha512-9Pj7abXoW1RSTcZaL2Hk6G2XyLMlp5ECdVC/Zf2p/KBjC3srijLGgRAXOBjtFrJoIrvxdTKyKDA14bEcbxBaWw==",
            "dev": true,
            "requires": {
                "@types/yargs-parser": "*"
            }
        },
        "@types/yargs-parser": {
            "version": "21.0.0",
            "resolved": "https://registry.npmjs.org/@types/yargs-parser/-/yargs-parser-21.0.0.tgz",
            "integrity": "sha512-iO9ZQHkZxHn4mSakYV0vFHAVDyEOIJQrV2uZ06HxEPcx+mt8swXoZHIbaaJ2crJYFfErySgktuTZ3BeLz+XmFA==",
            "dev": true
        },
        "@typescriptlibs/tst": {
            "version": "file:",
            "requires": {
                "@types/node": "^10.17.60",
                "@types/yargs": "^17.0.14",
                "@typescriptlibs/tst": "file:",
                "typescript": "^4.9.3"
            },
            "dependencies": {
                "@types/node": {
                    "version": "10.17.60",
                    "resolved": "https://registry.npmjs.org/@types/node/-/node-10.17.60.tgz",
                    "integrity": "sha512-F0KIgDJfy2nA3zMLmWGKxcH2ZVEtCZXHHdOQs2gSaQ27+lNeEfGxzkIw90aXswATX7AZ33tahPbzy6KAfUreVw==",
                    "dev": true
                },
                "@types/yargs": {
                    "version": "17.0.14",
                    "resolved": "https://registry.npmjs.org/@types/yargs/-/yargs-17.0.14.tgz",
                    "integrity": "sha512-9Pj7abXoW1RSTcZaL2Hk6G2XyLMlp5ECdVC/Zf2p/KBjC3srijLGgRAXOBjtFrJoIrvxdTKyKDA14bEcbxBaWw==",
                    "dev": true,
                    "requires": {
                        "@types/yargs-parser": "*"
                    }
                },
                "@types/yargs-parser": {
                    "version": "21.0.0",
                    "resolved": "https://registry.npmjs.org/@types/yargs-parser/-/yargs-parser-21.0.0.tgz",
                    "integrity": "sha512-iO9ZQHkZxHn4mSakYV0vFHAVDyEOIJQrV2uZ06HxEPcx+mt8swXoZHIbaaJ2crJYFfErySgktuTZ3BeLz+XmFA==",
                    "dev": true
                },
                "typescript": {
                    "version": "4.9.3",
                    "resolved": "https://registry.npmjs.org/typescript/-/typescript-4.9.3.tgz",
                    "integrity": "sha512-CIfGzTelbKNEnLpLdGFgdyKhG23CKdKgQPOBc+OUNrkJ2vr+KSzsSV5kq5iWhEQbok+quxgGzrAtGWCyU7tHnA==",
                    "dev": true
                }
            }
        },
        "typescript": {
            "version": "4.9.3",
            "resolved": "https://registry.npmjs.org/typescript/-/typescript-4.9.3.tgz",
            "integrity": "sha512-CIfGzTelbKNEnLpLdGFgdyKhG23CKdKgQPOBc+OUNrkJ2vr+KSzsSV5kq5iWhEQbok+quxgGzrAtGWCyU7tHnA==",
            "dev": true
        }
    }
}
